
Microsoft Visual Studio Solution File, Format Version 12.00
# Visual Studio Version 17
VisualStudioVersion = 17.5.33530.505
MinimumVisualStudioVersion = 10.0.40219.1
Project("{FAE04EC0-301F-11D3-BF4B-00C04F79EFBC}") = "KnockoutPrastice", "KnockoutPrastice.csproj", "{F4D18CF9-F29A-4A32-8CE1-713AC8E2E62F}"
EndProject
Global
	GlobalSection(SolutionConfigurationPlatforms) = preSolution
		Debug|Any CPU = Debug|Any CPU
		Release|Any CPU = Release|Any CPU
	EndGlobalSection
	GlobalSection(ProjectConfigurationPlatforms) = postSolution
		{F4D18CF9-F29A-4A32-8CE1-713AC8E2E62F}.Debug|Any CPU.ActiveCfg = Debug|Any CPU
		{F4D18CF9-F29A-4A32-8CE1-713AC8E2E62F}.Debug|Any CPU.Build.0 = Debug|Any CPU
		{F4D18CF9-F29A-4A32-8CE1-713AC8E2E62F}.Release|Any CPU.ActiveCfg = Release|Any CPU
		{F4D18CF9-F29A-4A32-8CE1-713AC8E2E62F}.Release|Any CPU.Build.0 = Release|Any CPU
	EndGlobalSection
	GlobalSection(SolutionProperties) = preSolution
		HideSolutionNode = FALSE
	EndGlobalSection
	GlobalSection(ExtensibilityGlobals) = postSolution
		SolutionGuid = {5EEDCEF4-7AF4-48D0-9605-8D0323C75A86}
	EndGlobalSection
EndGlobal
